
Microsoft Visual Studio Solution File, Format Version 12.00
# Visual Studio Version 16
VisualStudioVersion = 16.0.31402.337
MinimumVisualStudioVersion = 10.0.40219.1
Project("{9A19103F-16F7-4668-BE54-9A1E7A4F7556}") = "Lesson16", "Lesson16\Lesson16.csproj", "{3DA75BCA-AD44-4B47-94E4-D49F5BFE922B}"
EndProject
Project("{9A19103F-16F7-4668-BE54-9A1E7A4F7556}") = "Lesson17", "Lesson17\Lesson17.csproj", "{8C5FB3E5-5565-487C-9419-E2B4E9BD22BD}"
EndProject
Project("{9A19103F-16F7-4668-BE54-9A1E7A4F7556}") = "Lesson18", "Lesson18\Lesson18.csproj", "{D4CD5504-2ECE-4713-89F4-823C84FC4752}"
EndProject
Project("{9A19103F-16F7-4668-BE54-9A1E7A4F7556}") = "Lesson19", "Lesson19\Lesson19.csproj", "{1CDB1E3E-B05B-411F-BADF-2C5A0BDE237C}"
EndProject
Project("{9A19103F-16F7-4668-BE54-9A1E7A4F7556}") = "Lesson20", "Lesson20\Lesson20.csproj", "{1839A65D-CF1D-404F-9A63-8388ACB60DC0}"
EndProject
Project("{9A19103F-16F7-4668-BE54-9A1E7A4F7556}") = "Lesson21", "Lesson21\Lesson21.csproj", "{68BAA1CD-848D-446A-A12A-ECB6C7E4D9E7}"
EndProject
Project("{FAE04EC0-301F-11D3-BF4B-00C04F79EFBC}") = "Lesson22", "Lesson22\Lesson22.csproj", "{7A296809-90F0-4D54-A3C5-C0335E2CA79B}"
EndProject
Global
	GlobalSection(SolutionConfigurationPlatforms) = preSolution
		Debug|Any CPU = Debug|Any CPU
		Release|Any CPU = Release|Any CPU
	EndGlobalSection
	GlobalSection(ProjectConfigurationPlatforms) = postSolution
		{3DA75BCA-AD44-4B47-94E4-D49F5BFE922B}.Debug|Any CPU.ActiveCfg = Debug|Any CPU
		{3DA75BCA-AD44-4B47-94E4-D49F5BFE922B}.Debug|Any CPU.Build.0 = Debug|Any CPU
		{3DA75BCA-AD44-4B47-94E4-D49F5BFE922B}.Release|Any CPU.ActiveCfg = Release|Any CPU
		{3DA75BCA-AD44-4B47-94E4-D49F5BFE922B}.Release|Any CPU.Build.0 = Release|Any CPU
		{8C5FB3E5-5565-487C-9419-E2B4E9BD22BD}.Debug|Any CPU.ActiveCfg = Debug|Any CPU
		{8C5FB3E5-5565-487C-9419-E2B4E9BD22BD}.Debug|Any CPU.Build.0 = Debug|Any CPU
		{8C5FB3E5-5565-487C-9419-E2B4E9BD22BD}.Release|Any CPU.ActiveCfg = Release|Any CPU
		{8C5FB3E5-5565-487C-9419-E2B4E9BD22BD}.Release|Any CPU.Build.0 = Release|Any CPU
		{D4CD5504-2ECE-4713-89F4-823C84FC4752}.Debug|Any CPU.ActiveCfg = Debug|Any CPU
		{D4CD5504-2ECE-4713-89F4-823C84FC4752}.Debug|Any CPU.Build.0 = Debug|Any CPU
		{D4CD5504-2ECE-4713-89F4-823C84FC4752}.Release|Any CPU.ActiveCfg = Release|Any CPU
		{D4CD5504-2ECE-4713-89F4-823C84FC4752}.Release|Any CPU.Build.0 = Release|Any CPU
		{1CDB1E3E-B05B-411F-BADF-2C5A0BDE237C}.Debug|Any CPU.ActiveCfg = Debug|Any CPU
		{1CDB1E3E-B05B-411F-BADF-2C5A0BDE237C}.Debug|Any CPU.Build.0 = Debug|Any CPU
		{1CDB1E3E-B05B-411F-BADF-2C5A0BDE237C}.Release|Any CPU.ActiveCfg = Release|Any CPU
		{1CDB1E3E-B05B-411F-BADF-2C5A0BDE237C}.Release|Any CPU.Build.0 = Release|Any CPU
		{1839A65D-CF1D-404F-9A63-8388ACB60DC0}.Debug|Any CPU.ActiveCfg = Debug|Any CPU
		{1839A65D-CF1D-404F-9A63-8388ACB60DC0}.Debug|Any CPU.Build.0 = Debug|Any CPU
		{1839A65D-CF1D-404F-9A63-8388ACB60DC0}.Release|Any CPU.ActiveCfg = Release|Any CPU
		{1839A65D-CF1D-404F-9A63-8388ACB60DC0}.Release|Any CPU.Build.0 = Release|Any CPU
		{68BAA1CD-848D-446A-A12A-ECB6C7E4D9E7}.Debug|Any CPU.ActiveCfg = Debug|Any CPU
		{68BAA1CD-848D-446A-A12A-ECB6C7E4D9E7}.Debug|Any CPU.Build.0 = Debug|Any CPU
		{68BAA1CD-848D-446A-A12A-ECB6C7E4D9E7}.Release|Any CPU.ActiveCfg = Release|Any CPU
		{68BAA1CD-848D-446A-A12A-ECB6C7E4D9E7}.Release|Any CPU.Build.0 = Release|Any CPU
		{7A296809-90F0-4D54-A3C5-C0335E2CA79B}.Debug|Any CPU.ActiveCfg = Debug|Any CPU
		{7A296809-90F0-4D54-A3C5-C0335E2CA79B}.Debug|Any CPU.Build.0 = Debug|Any CPU
		{7A296809-90F0-4D54-A3C5-C0335E2CA79B}.Release|Any CPU.ActiveCfg = Release|Any CPU
		{7A296809-90F0-4D54-A3C5-C0335E2CA79B}.Release|Any CPU.Build.0 = Release|Any CPU
	EndGlobalSection
	GlobalSection(SolutionProperties) = preSolution
		HideSolutionNode = FALSE
	EndGlobalSection
	GlobalSection(ExtensibilityGlobals) = postSolution
		SolutionGuid = {2FA0A526-17AA-4AB6-8C8D-F38732B53D76}
	EndGlobalSection
EndGlobal
